<?xml version="1.0" encoding="utf-8"?>
<Project ToolsVersion="4.0" xmlns="http://schemas.microsoft.com/developer/msbuild/2003">
  <ItemGroup>
    <Filter Include="Fichiers sources">
      <UniqueIdentifier>{4FC737F1-C7A5-4376-A066-2A32D752A2FF}</UniqueIdentifier>
      <Extensions>cpp;c;cc;cxx;def;odl;idl;hpj;bat;asm;asmx</Extensions>
    </Filter>
    <Filter Include="Fichiers d%27en-tête">
      <UniqueIdentifier>{93995380-89BD-4b04-88EB-625FBE52EBFB}</UniqueIdentifier>
      <Extensions>h;hh;hpp;hxx;hm;inl;inc;xsd</Extensions>
    </Filter>
    <Filter Include="Fichiers de ressources">
      <UniqueIdentifier>{67DA6AB6-F800-4c08-8B7A-83BB121AAD01}</UniqueIdentifier>
      <Extensions>rc;ico;cur;bmp;dlg;rc2;rct;bin;rgs;gif;jpg;jpeg;jpe;resx;tiff;tif;png;wav;mfcribbon-ms</Extensions>
    </Filter>
    <Filter Include="Fichiers d%27en-tête\utilities">
      <UniqueIdentifier>{dfdb1ff0-6fff-402b-b06f-065ef77727a2}</UniqueIdentifier>
    </Filter>
    <Filter Include="Fichiers sources\utilities">
      <UniqueIdentifier>{85723b5f-3d0d-483d-9bd8-ede489860c19}</UniqueIdentifier>
    </Filter>
    <Filter Include="Fichiers d%27en-tête\Box2D">
      <UniqueIdentifier>{cad29b0f-71d4-49b7-b1bd-7472c2f6c83e}</UniqueIdentifier>
    </Filter>
    <Filter Include="Fichiers sources\Box2D">
      <UniqueIdentifier>{b1dccc6a-afd5-483d-a51d-cd4c0eea7a3b}</UniqueIdentifier>
    </Filter>
  </ItemGroup>
  <ItemGroup>
    <ClInclude Include="include\debug.h">
      <Filter>Fichiers d%27en-tête\utilities</Filter>
    </ClInclude>
    <ClInclude Include="include\Drawer.h">
      <Filter>Fichiers d%27en-tête\utilities</Filter>
    </ClInclude>
    <ClInclude Include="include\DrawerStructures.h">
      <Filter>Fichiers d%27en-tête\utilities</Filter>
    </ClInclude>
    <ClInclude Include="include\DrawingAnimation.h">
      <Filter>Fichiers d%27en-tête\utilities</Filter>
    </ClInclude>
    <ClInclude Include="include\DrawingAnimationFade.h">
      <Filter>Fichiers d%27en-tête\utilities</Filter>
    </ClInclude>
    <ClInclude Include="include\DrawingAnimationMovement.h">
      <Filter>Fichiers d%27en-tête\utilities</Filter>
    </ClInclude>
    <ClInclude Include="include\DrawingAnimationRotation.h">
      <Filter>Fichiers d%27en-tête\utilities</Filter>
    </ClInclude>
    <ClInclude Include="include\DrawingAnimationScale.h">
      <Filter>Fichiers d%27en-tête\utilities</Filter>
    </ClInclude>
    <ClInclude Include="include\FontHolder.h">
      <Filter>Fichiers d%27en-tête\utilities</Filter>
    </ClInclude>
    <ClInclude Include="include\InputKey.h">
      <Filter>Fichiers d%27en-tête\utilities</Filter>
    </ClInclude>
    <ClInclude Include="include\InputManager.h">
      <Filter>Fichiers d%27en-tête\utilities</Filter>
    </ClInclude>
    <ClInclude Include="include\Log.h">
      <Filter>Fichiers d%27en-tête\utilities</Filter>
    </ClInclude>
    <ClInclude Include="include\NotificationManager.h">
      <Filter>Fichiers d%27en-tête\utilities</Filter>
    </ClInclude>
    <ClInclude Include="include\Parameters.h">
      <Filter>Fichiers d%27en-tête\utilities</Filter>
    </ClInclude>
    <ClInclude Include="pugixml\pugiconfig.hpp">
      <Filter>Fichiers d%27en-tête\utilities</Filter>
    </ClInclude>
    <ClInclude Include="pugixml\pugixml.hpp">
      <Filter>Fichiers d%27en-tête\utilities</Filter>
    </ClInclude>
    <ClInclude Include="include\reversableHashTable.h">
      <Filter>Fichiers d%27en-tête\utilities</Filter>
    </ClInclude>
    <ClInclude Include="include\Singleton.h">
      <Filter>Fichiers d%27en-tête\utilities</Filter>
    </ClInclude>
    <ClInclude Include="include\SoundHolder.h">
      <Filter>Fichiers d%27en-tête\utilities</Filter>
    </ClInclude>
    <ClInclude Include="include\TextureHolder.h">
      <Filter>Fichiers d%27en-tête\utilities</Filter>
    </ClInclude>
    <ClInclude Include="Application.h">
      <Filter>Fichiers d%27en-tête</Filter>
    </ClInclude>
    <ClInclude Include="constant.h">
      <Filter>Fichiers d%27en-tête</Filter>
    </ClInclude>
    <ClInclude Include="Swarm_child.h">
      <Filter>Fichiers d%27en-tête</Filter>
    </ClInclude>
    <ClInclude Include="Swarm.h">
      <Filter>Fichiers d%27en-tête</Filter>
    </ClInclude>
    <ClInclude Include="Behavior.h">
      <Filter>Fichiers d%27en-tête</Filter>
    </ClInclude>
    <ClInclude Include="Behavior_goToCenter.h">
      <Filter>Fichiers d%27en-tête</Filter>
    </ClInclude>
    <ClInclude Include="PhysBody.h">
      <Filter>Fichiers d%27en-tête</Filter>
    </ClInclude>
    <ClInclude Include="Behavior_FastCircle.h">
      <Filter>Fichiers d%27en-tête</Filter>
    </ClInclude>
    <ClInclude Include="Behavior_FastLine.h">
      <Filter>Fichiers d%27en-tête</Filter>
    </ClInclude>
    <ClInclude Include="include\Box2D\Box2D.h">
      <Filter>Fichiers d%27en-tête\Box2D</Filter>
    </ClInclude>
  </ItemGroup>
  <ItemGroup>
    <ClCompile Include="source\debug.cpp">
      <Filter>Fichiers sources\utilities</Filter>
    </ClCompile>
    <ClCompile Include="source\Drawer.cpp">
      <Filter>Fichiers sources\utilities</Filter>
    </ClCompile>
    <ClCompile Include="source\DrawingAnimation.cpp">
      <Filter>Fichiers sources\utilities</Filter>
    </ClCompile>
    <ClCompile Include="source\DrawingAnimationFade.cpp">
      <Filter>Fichiers sources\utilities</Filter>
    </ClCompile>
    <ClCompile Include="source\DrawingAnimationMovement.cpp">
      <Filter>Fichiers sources\utilities</Filter>
    </ClCompile>
    <ClCompile Include="source\DrawingAnimationRotation.cpp">
      <Filter>Fichiers sources\utilities</Filter>
    </ClCompile>
    <ClCompile Include="source\DrawingAnimationScale.cpp">
      <Filter>Fichiers sources\utilities</Filter>
    </ClCompile>
    <ClCompile Include="source\FontHolder.cpp">
      <Filter>Fichiers sources\utilities</Filter>
    </ClCompile>
    <ClCompile Include="source\InputKey.cpp">
      <Filter>Fichiers sources\utilities</Filter>
    </ClCompile>
    <ClCompile Include="source\InputManager.cpp">
      <Filter>Fichiers sources\utilities</Filter>
    </ClCompile>
    <ClCompile Include="source\Log.cpp">
      <Filter>Fichiers sources\utilities</Filter>
    </ClCompile>
    <ClCompile Include="source\NotificationManager.cpp">
      <Filter>Fichiers sources\utilities</Filter>
    </ClCompile>
    <ClCompile Include="source\Parameters.cpp">
      <Filter>Fichiers sources\utilities</Filter>
    </ClCompile>
    <ClCompile Include="pugixml\pugixml.cpp">
      <Filter>Fichiers sources\utilities</Filter>
    </ClCompile>
    <ClCompile Include="source\SoundHolder.cpp">
      <Filter>Fichiers sources\utilities</Filter>
    </ClCompile>
    <ClCompile Include="source\TextureHolder.cpp">
      <Filter>Fichiers sources\utilities</Filter>
    </ClCompile>
    <ClCompile Include="main.cpp">
      <Filter>Fichiers sources</Filter>
    </ClCompile>
    <ClCompile Include="Application.cpp">
      <Filter>Fichiers sources</Filter>
    </ClCompile>
    <ClCompile Include="Swarm_child.cpp">
      <Filter>Fichiers sources</Filter>
    </ClCompile>
    <ClCompile Include="Swarm.cpp">
      <Filter>Fichiers sources</Filter>
    </ClCompile>
    <ClCompile Include="Behavior.cpp">
      <Filter>Fichiers sources</Filter>
    </ClCompile>
    <ClCompile Include="Behavior_goToCenter.cpp">
      <Filter>Fichiers sources</Filter>
    </ClCompile>
    <ClCompile Include="PhysBody.cpp">
      <Filter>Fichiers sources</Filter>
    </ClCompile>
    <ClCompile Include="Behavior_FastCircle.cpp">
      <Filter>Fichiers sources</Filter>
    </ClCompile>
    <ClCompile Include="Behavior_FastLine.cpp">
      <Filter>Fichiers sources</Filter>
    </ClCompile>
    <ClCompile Include="include\Box2D\Collision\b2BroadPhase.cpp">
      <Filter>Fichiers sources\Box2D</Filter>
    </ClCompile>
    <ClCompile Include="include\Box2D\Collision\b2CollideCircle.cpp">
      <Filter>Fichiers sources\Box2D</Filter>
    </ClCompile>
    <ClCompile Include="include\Box2D\Collision\b2CollideEdge.cpp">
      <Filter>Fichiers sources\Box2D</Filter>
    </ClCompile>
    <ClCompile Include="include\Box2D\Collision\b2CollidePolygon.cpp">
      <Filter>Fichiers sources\Box2D</Filter>
    </ClCompile>
    <ClCompile Include="include\Box2D\Collision\b2Collision.cpp">
      <Filter>Fichiers sources\Box2D</Filter>
    </ClCompile>
    <ClCompile Include="include\Box2D\Collision\b2Distance.cpp">
      <Filter>Fichiers sources\Box2D</Filter>
    </ClCompile>
    <ClCompile Include="include\Box2D\Collision\b2DynamicTree.cpp">
      <Filter>Fichiers sources\Box2D</Filter>
    </ClCompile>
    <ClCompile Include="include\Box2D\Collision\b2TimeOfImpact.cpp">
      <Filter>Fichiers sources\Box2D</Filter>
    </ClCompile>
    <ClCompile Include="include\Box2D\Collision\Shapes\b2ChainShape.cpp">
      <Filter>Fichiers sources\Box2D</Filter>
    </ClCompile>
    <ClCompile Include="include\Box2D\Collision\Shapes\b2CircleShape.cpp">
      <Filter>Fichiers sources\Box2D</Filter>
    </ClCompile>
    <ClCompile Include="include\Box2D\Collision\Shapes\b2EdgeShape.cpp">
      <Filter>Fichiers sources\Box2D</Filter>
    </ClCompile>
    <ClCompile Include="include\Box2D\Collision\Shapes\b2PolygonShape.cpp">
      <Filter>Fichiers sources\Box2D</Filter>
    </ClCompile>
    <ClCompile Include="include\Box2D\Common\b2BlockAllocator.cpp">
      <Filter>Fichiers sources\Box2D</Filter>
    </ClCompile>
    <ClCompile Include="include\Box2D\Common\b2Draw.cpp">
      <Filter>Fichiers sources\Box2D</Filter>
    </ClCompile>
    <ClCompile Include="include\Box2D\Common\b2Math.cpp">
      <Filter>Fichiers sources\Box2D</Filter>
    </ClCompile>
    <ClCompile Include="include\Box2D\Common\b2Settings.cpp">
      <Filter>Fichiers sources\Box2D</Filter>
    </ClCompile>
    <ClCompile Include="include\Box2D\Common\b2StackAllocator.cpp">
      <Filter>Fichiers sources\Box2D</Filter>
    </ClCompile>
    <ClCompile Include="include\Box2D\Common\b2Timer.cpp">
      <Filter>Fichiers sources\Box2D</Filter>
    </ClCompile>
    <ClCompile Include="include\Box2D\Dynamics\Contacts\b2ChainAndCircleContact.cpp">
      <Filter>Fichiers sources\Box2D</Filter>
    </ClCompile>
    <ClCompile Include="include\Box2D\Dynamics\Contacts\b2ChainAndPolygonContact.cpp">
      <Filter>Fichiers sources\Box2D</Filter>
    </ClCompile>
    <ClCompile Include="include\Box2D\Dynamics\Contacts\b2CircleContact.cpp">
      <Filter>Fichiers sources\Box2D</Filter>
    </ClCompile>
    <ClCompile Include="include\Box2D\Dynamics\Contacts\b2Contact.cpp">
      <Filter>Fichiers sources\Box2D</Filter>
    </ClCompile>
    <ClCompile Include="include\Box2D\Dynamics\Contacts\b2ContactSolver.cpp">
      <Filter>Fichiers sources\Box2D</Filter>
    </ClCompile>
    <ClCompile Include="include\Box2D\Dynamics\Contacts\b2EdgeAndCircleContact.cpp">
      <Filter>Fichiers sources\Box2D</Filter>
    </ClCompile>
    <ClCompile Include="include\Box2D\Dynamics\Contacts\b2EdgeAndPolygonContact.cpp">
      <Filter>Fichiers sources\Box2D</Filter>
    </ClCompile>
    <ClCompile Include="include\Box2D\Dynamics\Contacts\b2PolygonAndCircleContact.cpp">
      <Filter>Fichiers sources\Box2D</Filter>
    </ClCompile>
    <ClCompile Include="include\Box2D\Dynamics\Contacts\b2PolygonContact.cpp">
      <Filter>Fichiers sources\Box2D</Filter>
    </ClCompile>
    <ClCompile Include="include\Box2D\Dynamics\Joints\b2DistanceJoint.cpp">
      <Filter>Fichiers sources\Box2D</Filter>
    </ClCompile>
    <ClCompile Include="include\Box2D\Dynamics\Joints\b2FrictionJoint.cpp">
      <Filter>Fichiers sources\Box2D</Filter>
    </ClCompile>
    <ClCompile Include="include\Box2D\Dynamics\Joints\b2GearJoint.cpp">
      <Filter>Fichiers sources\Box2D</Filter>
    </ClCompile>
    <ClCompile Include="include\Box2D\Dynamics\Joints\b2Joint.cpp">
      <Filter>Fichiers sources\Box2D</Filter>
    </ClCompile>
    <ClCompile Include="include\Box2D\Dynamics\Joints\b2MotorJoint.cpp">
      <Filter>Fichiers sources\Box2D</Filter>
    </ClCompile>
    <ClCompile Include="include\Box2D\Dynamics\Joints\b2MouseJoint.cpp">
      <Filter>Fichiers sources\Box2D</Filter>
    </ClCompile>
    <ClCompile Include="include\Box2D\Dynamics\Joints\b2PrismaticJoint.cpp">
      <Filter>Fichiers sources\Box2D</Filter>
    </ClCompile>
    <ClCompile Include="include\Box2D\Dynamics\Joints\b2PulleyJoint.cpp">
      <Filter>Fichiers sources\Box2D</Filter>
    </ClCompile>
    <ClCompile Include="include\Box2D\Dynamics\Joints\b2RevoluteJoint.cpp">
      <Filter>Fichiers sources\Box2D</Filter>
    </ClCompile>
    <ClCompile Include="include\Box2D\Dynamics\Joints\b2RopeJoint.cpp">
      <Filter>Fichiers sources\Box2D</Filter>
    </ClCompile>
    <ClCompile Include="include\Box2D\Dynamics\Joints\b2WeldJoint.cpp">
      <Filter>Fichiers sources\Box2D</Filter>
    </ClCompile>
    <ClCompile Include="include\Box2D\Dynamics\Joints\b2WheelJoint.cpp">
      <Filter>Fichiers sources\Box2D</Filter>
    </ClCompile>
    <ClCompile Include="include\Box2D\Dynamics\b2Body.cpp">
      <Filter>Fichiers sources\Box2D</Filter>
    </ClCompile>
    <ClCompile Include="include\Box2D\Dynamics\b2ContactManager.cpp">
      <Filter>Fichiers sources\Box2D</Filter>
    </ClCompile>
    <ClCompile Include="include\Box2D\Dynamics\b2Fixture.cpp">
      <Filter>Fichiers sources\Box2D</Filter>
    </ClCompile>
    <ClCompile Include="include\Box2D\Dynamics\b2Island.cpp">
      <Filter>Fichiers sources\Box2D</Filter>
    </ClCompile>
    <ClCompile Include="include\Box2D\Dynamics\b2World.cpp">
      <Filter>Fichiers sources\Box2D</Filter>
    </ClCompile>
    <ClCompile Include="include\Box2D\Dynamics\b2WorldCallbacks.cpp">
      <Filter>Fichiers sources\Box2D</Filter>
    </ClCompile>
    <ClCompile Include="include\Box2D\Rope\b2Rope.cpp">
      <Filter>Fichiers sources\Box2D</Filter>
    </ClCompile>
  </ItemGroup>
</Project>